
Microsoft Visual Studio Solution File, Format Version 12.00
# Visual Studio 15
VisualStudioVersion = 15.0.28307.572
MinimumVisualStudioVersion = 10.0.40219.1
Project("{FAE04EC0-301F-11D3-BF4B-00C04F79EFBC}") = "FileScanner", "FileScanner\FileScanner.csproj", "{755BC1BE-36F3-4A7A-BCCA-10552EEFCF65}"
EndProject
Project("{FAE04EC0-301F-11D3-BF4B-00C04F79EFBC}") = "FileScanner.Console", "FileScanner.Console\FileScanner.Console.csproj", "{C5E25CEE-4152-4FAD-8099-15D66B837CD8}"
EndProject
Global
	GlobalSection(SolutionConfigurationPlatforms) = preSolution
		Debug|Any CPU = Debug|Any CPU
		Release|Any CPU = Release|Any CPU
	EndGlobalSection
	GlobalSection(ProjectConfigurationPlatforms) = postSolution
		{755BC1BE-36F3-4A7A-BCCA-10552EEFCF65}.Debug|Any CPU.ActiveCfg = Debug|Any CPU
		{755BC1BE-36F3-4A7A-BCCA-10552EEFCF65}.Debug|Any CPU.Build.0 = Debug|Any CPU
		{755BC1BE-36F3-4A7A-BCCA-10552EEFCF65}.Release|Any CPU.ActiveCfg = Release|Any CPU
		{755BC1BE-36F3-4A7A-BCCA-10552EEFCF65}.Release|Any CPU.Build.0 = Release|Any CPU
		{C5E25CEE-4152-4FAD-8099-15D66B837CD8}.Debug|Any CPU.ActiveCfg = Debug|Any CPU
		{C5E25CEE-4152-4FAD-8099-15D66B837CD8}.Debug|Any CPU.Build.0 = Debug|Any CPU
		{C5E25CEE-4152-4FAD-8099-15D66B837CD8}.Release|Any CPU.ActiveCfg = Release|Any CPU
		{C5E25CEE-4152-4FAD-8099-15D66B837CD8}.Release|Any CPU.Build.0 = Release|Any CPU
	EndGlobalSection
	GlobalSection(SolutionProperties) = preSolution
		HideSolutionNode = FALSE
	EndGlobalSection
	GlobalSection(ExtensibilityGlobals) = postSolution
		SolutionGuid = {22221611-59C9-4808-AD95-6C338CA1F1F8}
	EndGlobalSection
EndGlobal
